# THIS IS AN AUTOGENERATED FILE. DO NOT EDIT THIS FILE DIRECTLY.
# yarn lockfile v1


"@rails/request.js@^0.0.7":
  version "0.0.7"
  resolved "https://registry.yarnpkg.com/@rails/request.js/-/request.js-0.0.7.tgz#d81582092da5dbf78f14745055ce41a0d87835f5"
  integrity sha512-Eq165HebzkxFlQwyLyn31/X2VT1RP4hGZFOem1rATJehl09vHfMiHJOGZrE40bRcjuN6crIxDVw9G+XySqroOA==
